
Microsoft Visual Studio Solution File, Format Version 12.00
# Visual Studio Version 17
VisualStudioVersion = 17.4.33403.182
MinimumVisualStudioVersion = 10.0.40219.1
Project("{8BC9CEB8-8B4A-11D0-8D11-00A0C91BC942}") = "IKG_LAB_2.3", "IKG_LAB_2.3\IKG_LAB_2.3.vcxproj", "{794E550D-6BD8-49B9-A240-992FF5D32D38}"
EndProject
Global
	GlobalSection(SolutionConfigurationPlatforms) = preSolution
		Debug|x64 = Debug|x64
		Debug|x86 = Debug|x86
		Release|x64 = Release|x64
		Release|x86 = Release|x86
	EndGlobalSection
	GlobalSection(ProjectConfigurationPlatforms) = postSolution
		{794E550D-6BD8-49B9-A240-992FF5D32D38}.Debug|x64.ActiveCfg = Debug|x64
		{794E550D-6BD8-49B9-A240-992FF5D32D38}.Debug|x64.Build.0 = Debug|x64
		{794E550D-6BD8-49B9-A240-992FF5D32D38}.Debug|x86.ActiveCfg = Debug|Win32
		{794E550D-6BD8-49B9-A240-992FF5D32D38}.Debug|x86.Build.0 = Debug|Win32
		{794E550D-6BD8-49B9-A240-992FF5D32D38}.Release|x64.ActiveCfg = Release|x64
		{794E550D-6BD8-49B9-A240-992FF5D32D38}.Release|x64.Build.0 = Release|x64
		{794E550D-6BD8-49B9-A240-992FF5D32D38}.Release|x86.ActiveCfg = Release|Win32
		{794E550D-6BD8-49B9-A240-992FF5D32D38}.Release|x86.Build.0 = Release|Win32
	EndGlobalSection
	GlobalSection(SolutionProperties) = preSolution
		HideSolutionNode = FALSE
	EndGlobalSection
	GlobalSection(ExtensibilityGlobals) = postSolution
		SolutionGuid = {F4FB9E15-7EBB-4B76-BF50-926F186395A4}
	EndGlobalSection
EndGlobal
